PODS:
  - AFNetworking (2.5.2):
    - AFNetworking/NSURLConnection (= 2.5.2)
    - AFNetworking/NSURLSession (= 2.5.2)
    - AFNetworking/Reachability (= 2.5.2)
    - AFNetworking/Security (= 2.5.2)
    - AFNetworking/Serialization (= 2.5.2)
    - AFNetworking/UIKit (= 2.5.2)
  - AFNetworking/NSURLConnection (2.5.2):
    - AFNetworking/Reachability
    - AFNetworking/Security
    - AFNetworking/Serialization
  - AFNetworking/NSURLSession (2.5.2):
    - AFNetworking/Reachability
    - AFNetworking/Security
    - AFNetworking/Serialization
  - AFNetworking/Reachability (2.5.2)
  - AFNetworking/Security (2.5.2)
  - AFNetworking/Serialization (2.5.2)
  - AFNetworking/UIKit (2.5.2):
    - AFNetworking/NSURLConnection
    - AFNetworking/NSURLSession
  - FBDigitalFont (0.0.4)
  - SocketRocket (0.2.0)

DEPENDENCIES:
  - AFNetworking
  - FBDigitalFont
  - SocketRocket

SPEC CHECKSUMS:
  AFNetworking: fefbce9660acb17f48ae0011292d4da0f457bf36
  FBDigitalFont: 20a6c7d54b1302aa77facca9cd6be2bc4e3342d4
  SocketRocket: 54a4ac2f354c4e8c51ef5dcd4a13bc556d4f2b7c

COCOAPODS: 0.35.0
